
Microsoft Visual Studio Solution File, Format Version 12.00
# Visual Studio Version 17
VisualStudioVersion = 17.11.35222.181
MinimumVisualStudioVersion = 10.0.40219.1
Project("{9A19103F-16F7-4668-BE54-9A1E7A4F7556}") = "ib02", "ib02.csproj", "{D35A8D45-9828-41DB-A222-38C7A25FCD75}"
EndProject
Global
	GlobalSection(SolutionConfigurationPlatforms) = preSolution
		Debug|Any CPU = Debug|Any CPU
		Release|Any CPU = Release|Any CPU
	EndGlobalSection
	GlobalSection(ProjectConfigurationPlatforms) = postSolution
		{D35A8D45-9828-41DB-A222-38C7A25FCD75}.Debug|Any CPU.ActiveCfg = Debug|Any CPU
		{D35A8D45-9828-41DB-A222-38C7A25FCD75}.Debug|Any CPU.Build.0 = Debug|Any CPU
		{D35A8D45-9828-41DB-A222-38C7A25FCD75}.Release|Any CPU.ActiveCfg = Release|Any CPU
		{D35A8D45-9828-41DB-A222-38C7A25FCD75}.Release|Any CPU.Build.0 = Release|Any CPU
	EndGlobalSection
	GlobalSection(SolutionProperties) = preSolution
		HideSolutionNode = FALSE
	EndGlobalSection
	GlobalSection(ExtensibilityGlobals) = postSolution
		SolutionGuid = {C40C158E-2670-4128-85B7-2CE8BBA2A906}
	EndGlobalSection
EndGlobal
